{
  "name": "tscp-example",
  "version": "1.0.0",
  "lockfileVersion": 1,
  "requires": true,
  "dependencies": {
    "tscp": {
      "version": "1.0.0",
      "resolved": "https://registry.npmjs.org/tscp/-/tscp-1.0.0.tgz",
      "integrity": "sha512-w2MGmWYqgty1hCB+rJP6xXvB9i+BTo9aZhqGEvd/VUDv+NjPtOJPhc18Fi+n0R2+M5LBTIaai19reBl//sW7WA=="
    }
  }
}
